
Microsoft Visual Studio Solution File, Format Version 12.00
# Visual Studio Version 17
VisualStudioVersion = 17.4.33213.308
MinimumVisualStudioVersion = 10.0.40219.1
Project("{FAE04EC0-301F-11D3-BF4B-00C04F79EFBC}") = "modul4_1302210001", "modul4_1302210001.csproj", "{89AE8C9F-AFBE-4C0B-89BE-26BCD6981780}"
EndProject
Global
	GlobalSection(SolutionConfigurationPlatforms) = preSolution
		Debug|Any CPU = Debug|Any CPU
		Release|Any CPU = Release|Any CPU
	EndGlobalSection
	GlobalSection(ProjectConfigurationPlatforms) = postSolution
		{89AE8C9F-AFBE-4C0B-89BE-26BCD6981780}.Debug|Any CPU.ActiveCfg = Debug|Any CPU
		{89AE8C9F-AFBE-4C0B-89BE-26BCD6981780}.Debug|Any CPU.Build.0 = Debug|Any CPU
		{89AE8C9F-AFBE-4C0B-89BE-26BCD6981780}.Release|Any CPU.ActiveCfg = Release|Any CPU
		{89AE8C9F-AFBE-4C0B-89BE-26BCD6981780}.Release|Any CPU.Build.0 = Release|Any CPU
	EndGlobalSection
	GlobalSection(SolutionProperties) = preSolution
		HideSolutionNode = FALSE
	EndGlobalSection
	GlobalSection(ExtensibilityGlobals) = postSolution
		SolutionGuid = {DEA4CF57-D664-47F5-9C62-0562DAFB4902}
	EndGlobalSection
EndGlobal
